{
  "name": "createTestData",
  "version": "1.0.0",
  "lockfileVersion": 1,
  "requires": true,
  "dependencies": {
    "moment": {
      "version": "2.27.0",
      "resolved": "https://registry.npm.taobao.org/moment/download/moment-2.27.0.tgz?cache=0&sync_timestamp=1592516084857&other_urls=https%3A%2F%2Fregistry.npm.taobao.org%2Fmoment%2Fdownload%2Fmoment-2.27.0.tgz",
      "integrity": "sha1-i/9OPiaiNiIN/j423nVrbrqgEF0="
    },
    "nanoid": {
      "version": "2.1.11",
      "resolved": "https://registry.npm.taobao.org/nanoid/download/nanoid-2.1.11.tgz",
      "integrity": "sha1-7CS4p1jVkVYVMbQXagHjq08PAoA="
    },
    "shortid": {
      "version": "2.2.15",
      "resolved": "https://registry.npm.taobao.org/shortid/download/shortid-2.2.15.tgz",
      "integrity": "sha1-K5AuqpOmmxESA3PNQqHx/kQ3wSI=",
      "requires": {
        "nanoid": "^2.1.0"
      }
    }
  }
}
